
Microsoft Visual Studio Solution File, Format Version 12.00
# Visual Studio 15
VisualStudioVersion = 15.0.27428.2037
MinimumVisualStudioVersion = 10.0.40219.1
Project("{E24C65DC-7377-472B-9ABA-BC803B73C61A}") = "SinglePageApp", "SinglePageApp\", "{EB9C866A-1A08-4A78-BCE2-347420654C8C}"
	ProjectSection(WebsiteProperties) = preProject
		TargetFrameworkMoniker = ".NETFramework,Version%3Dv4.6.1"
		Debug.AspNetCompiler.VirtualPath = "/localhost_50348"
		Debug.AspNetCompiler.PhysicalPath = "SinglePageApp\"
		Debug.AspNetCompiler.TargetPath = "PrecompiledWeb\localhost_50348\"
		Debug.AspNetCompiler.Updateable = "true"
		Debug.AspNetCompiler.ForceOverwrite = "true"
		Debug.AspNetCompiler.FixedNames = "false"
		Debug.AspNetCompiler.Debug = "True"
		Release.AspNetCompiler.VirtualPath = "/localhost_50348"
		Release.AspNetCompiler.PhysicalPath = "SinglePageApp\"
		Release.AspNetCompiler.TargetPath = "PrecompiledWeb\localhost_50348\"
		Release.AspNetCompiler.Updateable = "true"
		Release.AspNetCompiler.ForceOverwrite = "true"
		Release.AspNetCompiler.FixedNames = "false"
		Release.AspNetCompiler.Debug = "False"
		VWDPort = "50348"
		SlnRelativePath = "SinglePageApp\"
		DefaultWebSiteLanguage = "Visual C#"
	EndProjectSection
EndProject
Global
	GlobalSection(SolutionConfigurationPlatforms) = preSolution
		Debug|Any CPU = Debug|Any CPU
	EndGlobalSection
	GlobalSection(ProjectConfigurationPlatforms) = postSolution
		{EB9C866A-1A08-4A78-BCE2-347420654C8C}.Debug|Any CPU.ActiveCfg = Debug|Any CPU
		{EB9C866A-1A08-4A78-BCE2-347420654C8C}.Debug|Any CPU.Build.0 = Debug|Any CPU
	EndGlobalSection
	GlobalSection(SolutionProperties) = preSolution
		HideSolutionNode = FALSE
	EndGlobalSection
	GlobalSection(ExtensibilityGlobals) = postSolution
		SolutionGuid = {302081C5-48BD-4B9E-A528-A4E0158349BA}
	EndGlobalSection
EndGlobal
